
Microsoft Visual Studio Solution File, Format Version 12.00
# Visual Studio Version 17
VisualStudioVersion = 17.9.34714.143
MinimumVisualStudioVersion = 10.0.40219.1
Project("{2150E333-8FDC-42A3-9474-1A3956D46DE8}") = "Services", "Services", "{75AA49CD-61A1-4874-BA83-ECE4F3A46123}"
EndProject
Project("{2150E333-8FDC-42A3-9474-1A3956D46DE8}") = "Catalog", "Catalog", "{FF6F218F-E1F9-4721-AE8B-76C8F97298D6}"
EndProject
Project("{9A19103F-16F7-4668-BE54-9A1E7A4F7556}") = "MultiShop.Catalog", "Services\Catalog\MultiShop.Catalog\MultiShop.Catalog.csproj", "{11E101A3-8A96-4A7D-9A8A-47D86859578D}"
EndProject
Project("{2150E333-8FDC-42A3-9474-1A3956D46DE8}") = "Discount", "Discount", "{82E04982-63A1-4A6A-87FB-A85CFD79B981}"
EndProject
Project("{9A19103F-16F7-4668-BE54-9A1E7A4F7556}") = "MultiShop.Discount", "Services\Discount\MultiShop.Discount\MultiShop.Discount.csproj", "{7020E863-BAD0-4B76-9F3E-AC963934CC07}"
EndProject
Project("{2150E333-8FDC-42A3-9474-1A3956D46DE8}") = "Order", "Order", "{DA07CCFA-8E0E-4989-85A2-BE5E055942DE}"
EndProject
Project("{2150E333-8FDC-42A3-9474-1A3956D46DE8}") = "Core", "Core", "{9C7AE6C5-A224-4C9D-B5D8-C17FAA0C5616}"
EndProject
Project("{2150E333-8FDC-42A3-9474-1A3956D46DE8}") = "Infrastructure", "Infrastructure", "{204A014D-13EF-4F14-942F-94E244B2F809}"
EndProject
Project("{2150E333-8FDC-42A3-9474-1A3956D46DE8}") = "Presentation", "Presentation", "{6CFE41AC-EEF4-4A8A-906E-A39972591639}"
EndProject
Project("{9A19103F-16F7-4668-BE54-9A1E7A4F7556}") = "MultiShop.Order.Domain", "Services\Order\Core\MultiShop.Order.Domain\MultiShop.Order.Domain.csproj", "{8DC438A5-AA0D-410B-952A-7D6F7F701890}"
EndProject
Project("{9A19103F-16F7-4668-BE54-9A1E7A4F7556}") = "MultiShop.Order.Application", "Services\Order\Core\MultiShop.Order.Application\MultiShop.Order.Application.csproj", "{E449EE92-87E9-44BE-9E05-33D265EEC1DE}"
EndProject
Project("{FAE04EC0-301F-11D3-BF4B-00C04F79EFBC}") = "MultiShop.Order.Persistance", "Services\Order\Infrastructure\MultiShop.Order.Persistance\MultiShop.Order.Persistance.csproj", "{F5EE7A0E-CC31-4DF4-88F9-42CE0D989C6D}"
EndProject
Project("{FAE04EC0-301F-11D3-BF4B-00C04F79EFBC}") = "MultiShop.Order.WebAPI", "Services\Order\Presentation\MultiShop.Order.WebAPI\MultiShop.Order.WebAPI.csproj", "{4416F2EF-50E6-42B5-B7AF-B1ED0511AA6E}"
EndProject
Global
	GlobalSection(SolutionConfigurationPlatforms) = preSolution
		Debug|Any CPU = Debug|Any CPU
		Release|Any CPU = Release|Any CPU
	EndGlobalSection
	GlobalSection(ProjectConfigurationPlatforms) = postSolution
		{11E101A3-8A96-4A7D-9A8A-47D86859578D}.Debug|Any CPU.ActiveCfg = Debug|Any CPU
		{11E101A3-8A96-4A7D-9A8A-47D86859578D}.Debug|Any CPU.Build.0 = Debug|Any CPU
		{11E101A3-8A96-4A7D-9A8A-47D86859578D}.Release|Any CPU.ActiveCfg = Release|Any CPU
		{11E101A3-8A96-4A7D-9A8A-47D86859578D}.Release|Any CPU.Build.0 = Release|Any CPU
		{7020E863-BAD0-4B76-9F3E-AC963934CC07}.Debug|Any CPU.ActiveCfg = Debug|Any CPU
		{7020E863-BAD0-4B76-9F3E-AC963934CC07}.Debug|Any CPU.Build.0 = Debug|Any CPU
		{7020E863-BAD0-4B76-9F3E-AC963934CC07}.Release|Any CPU.ActiveCfg = Release|Any CPU
		{7020E863-BAD0-4B76-9F3E-AC963934CC07}.Release|Any CPU.Build.0 = Release|Any CPU
		{8DC438A5-AA0D-410B-952A-7D6F7F701890}.Debug|Any CPU.ActiveCfg = Debug|Any CPU
		{8DC438A5-AA0D-410B-952A-7D6F7F701890}.Debug|Any CPU.Build.0 = Debug|Any CPU
		{8DC438A5-AA0D-410B-952A-7D6F7F701890}.Release|Any CPU.ActiveCfg = Release|Any CPU
		{8DC438A5-AA0D-410B-952A-7D6F7F701890}.Release|Any CPU.Build.0 = Release|Any CPU
		{E449EE92-87E9-44BE-9E05-33D265EEC1DE}.Debug|Any CPU.ActiveCfg = Debug|Any CPU
		{E449EE92-87E9-44BE-9E05-33D265EEC1DE}.Debug|Any CPU.Build.0 = Debug|Any CPU
		{E449EE92-87E9-44BE-9E05-33D265EEC1DE}.Release|Any CPU.ActiveCfg = Release|Any CPU
		{E449EE92-87E9-44BE-9E05-33D265EEC1DE}.Release|Any CPU.Build.0 = Release|Any CPU
		{F5EE7A0E-CC31-4DF4-88F9-42CE0D989C6D}.Debug|Any CPU.ActiveCfg = Debug|Any CPU
		{F5EE7A0E-CC31-4DF4-88F9-42CE0D989C6D}.Debug|Any CPU.Build.0 = Debug|Any CPU
		{F5EE7A0E-CC31-4DF4-88F9-42CE0D989C6D}.Release|Any CPU.ActiveCfg = Release|Any CPU
		{F5EE7A0E-CC31-4DF4-88F9-42CE0D989C6D}.Release|Any CPU.Build.0 = Release|Any CPU
		{4416F2EF-50E6-42B5-B7AF-B1ED0511AA6E}.Debug|Any CPU.ActiveCfg = Debug|Any CPU
		{4416F2EF-50E6-42B5-B7AF-B1ED0511AA6E}.Debug|Any CPU.Build.0 = Debug|Any CPU
		{4416F2EF-50E6-42B5-B7AF-B1ED0511AA6E}.Release|Any CPU.ActiveCfg = Release|Any CPU
		{4416F2EF-50E6-42B5-B7AF-B1ED0511AA6E}.Release|Any CPU.Build.0 = Release|Any CPU
	EndGlobalSection
	GlobalSection(SolutionProperties) = preSolution
		HideSolutionNode = FALSE
	EndGlobalSection
	GlobalSection(NestedProjects) = preSolution
		{FF6F218F-E1F9-4721-AE8B-76C8F97298D6} = {75AA49CD-61A1-4874-BA83-ECE4F3A46123}
		{11E101A3-8A96-4A7D-9A8A-47D86859578D} = {FF6F218F-E1F9-4721-AE8B-76C8F97298D6}
		{82E04982-63A1-4A6A-87FB-A85CFD79B981} = {75AA49CD-61A1-4874-BA83-ECE4F3A46123}
		{7020E863-BAD0-4B76-9F3E-AC963934CC07} = {82E04982-63A1-4A6A-87FB-A85CFD79B981}
		{DA07CCFA-8E0E-4989-85A2-BE5E055942DE} = {75AA49CD-61A1-4874-BA83-ECE4F3A46123}
		{9C7AE6C5-A224-4C9D-B5D8-C17FAA0C5616} = {DA07CCFA-8E0E-4989-85A2-BE5E055942DE}
		{204A014D-13EF-4F14-942F-94E244B2F809} = {DA07CCFA-8E0E-4989-85A2-BE5E055942DE}
		{6CFE41AC-EEF4-4A8A-906E-A39972591639} = {DA07CCFA-8E0E-4989-85A2-BE5E055942DE}
		{8DC438A5-AA0D-410B-952A-7D6F7F701890} = {9C7AE6C5-A224-4C9D-B5D8-C17FAA0C5616}
		{E449EE92-87E9-44BE-9E05-33D265EEC1DE} = {9C7AE6C5-A224-4C9D-B5D8-C17FAA0C5616}
		{F5EE7A0E-CC31-4DF4-88F9-42CE0D989C6D} = {204A014D-13EF-4F14-942F-94E244B2F809}
		{4416F2EF-50E6-42B5-B7AF-B1ED0511AA6E} = {6CFE41AC-EEF4-4A8A-906E-A39972591639}
	EndGlobalSection
	GlobalSection(ExtensibilityGlobals) = postSolution
		SolutionGuid = {D9D2DD46-CF96-4A6A-92B0-73D04F95EFED}
	EndGlobalSection
EndGlobal
